
Microsoft Visual Studio Solution File, Format Version 12.00
# Visual Studio Version 17
VisualStudioVersion = 17.9.34723.18
MinimumVisualStudioVersion = 10.0.40219.1
Project("{2150E333-8FDC-42A3-9474-1A3956D46DE8}") = "GeoService", "GeoService", "{7F843571-B7DE-4A81-8B5B-E8A3EEADA7BE}"
EndProject
Project("{2150E333-8FDC-42A3-9474-1A3956D46DE8}") = "SendingService", "SendingService", "{8CC8743B-6C9F-4D2F-8648-D60AED563EBA}"
EndProject
Project("{2150E333-8FDC-42A3-9474-1A3956D46DE8}") = "ClientProject", "ClientProject", "{7D446994-19E8-428E-89F8-B6311846EE08}"
EndProject
Project("{9A19103F-16F7-4668-BE54-9A1E7A4F7556}") = "UBWC.GeoService.PresentationModels", "UBWC.GeoService.DomainModels\UBWC.GeoService.PresentationModels.csproj", "{ED6227C0-4C61-4F0D-9836-24FEDEB40D53}"
EndProject
Project("{2150E333-8FDC-42A3-9474-1A3956D46DE8}") = "UBWCLogger", "UBWCLogger", "{71E3C5E4-D44A-45ED-9605-F272DD1F7338}"
EndProject
Project("{9A19103F-16F7-4668-BE54-9A1E7A4F7556}") = "UBWC.Logger.DomainModels", "UBWC.Logger.DomainModels\UBWC.Logger.DomainModels.csproj", "{364750B3-F718-4745-9DA1-3795EC2EE08B}"
EndProject
Project("{2150E333-8FDC-42A3-9474-1A3956D46DE8}") = "WinClientAdmin", "WinClientAdmin", "{1C69BBDB-E9E6-44B1-8252-762152C0F304}"
EndProject
Project("{9A19103F-16F7-4668-BE54-9A1E7A4F7556}") = "WinAdmin", "WinAdmin\WinAdmin.csproj", "{686D6370-661E-46F1-B6B1-B678ACD3A981}"
EndProject
Project("{2150E333-8FDC-42A3-9474-1A3956D46DE8}") = "CommonLibraries", "CommonLibraries", "{05110EF4-2603-4951-8003-93E0A8CFB56C}"
EndProject
Project("{9A19103F-16F7-4668-BE54-9A1E7A4F7556}") = "UBWC.CryptoLib", "UBWC.CryptoLib\UBWC.CryptoLib.csproj", "{80264FFF-AB89-41EB-8C65-122C5AEE4162}"
EndProject
Project("{9A19103F-16F7-4668-BE54-9A1E7A4F7556}") = "UBWC.Options", "UBWC.Options\UBWC.Options.csproj", "{F5DCC1B8-3FB7-46D7-B17A-1AF7A9176799}"
EndProject
Project("{9A19103F-16F7-4668-BE54-9A1E7A4F7556}") = "UBWC.GeoService.ApplicationModel", "UBWC.GeoService.ApplicationModel\UBWC.GeoService.ApplicationModel.csproj", "{EEEB30E2-8829-450F-8CEA-4B24134F08BB}"
EndProject
Project("{9A19103F-16F7-4668-BE54-9A1E7A4F7556}") = "UBWC.GeoService.Contracts", "UBWC.GeoService.Contracts\UBWC.GeoService.Contracts.csproj", "{24820277-9116-4A44-AF04-73CE9D527752}"
EndProject
Project("{9A19103F-16F7-4668-BE54-9A1E7A4F7556}") = "UBWC.PresentationModels", "UBWC.PresentationModels\UBWC.PresentationModels.csproj", "{E83938BC-6DCB-4804-B7E2-641AA8725F12}"
EndProject
Project("{FAE04EC0-301F-11D3-BF4B-00C04F79EFBC}") = "ConsoleApp1", "ConsoleApp1\ConsoleApp1.csproj", "{AECAA875-40D2-47A5-B5DC-96F7FB491AEC}"
EndProject
Project("{FAE04EC0-301F-11D3-BF4B-00C04F79EFBC}") = "ConsoleApp2", "ConsoleApp2\ConsoleApp2.csproj", "{FB85CAFA-50EC-4050-BB9F-9F46535DADC6}"
EndProject
Global
	GlobalSection(SolutionConfigurationPlatforms) = preSolution
		Debug|Any CPU = Debug|Any CPU
		Release|Any CPU = Release|Any CPU
	EndGlobalSection
	GlobalSection(ProjectConfigurationPlatforms) = postSolution
		{ED6227C0-4C61-4F0D-9836-24FEDEB40D53}.Debug|Any CPU.ActiveCfg = Debug|Any CPU
		{ED6227C0-4C61-4F0D-9836-24FEDEB40D53}.Debug|Any CPU.Build.0 = Debug|Any CPU
		{ED6227C0-4C61-4F0D-9836-24FEDEB40D53}.Release|Any CPU.ActiveCfg = Release|Any CPU
		{ED6227C0-4C61-4F0D-9836-24FEDEB40D53}.Release|Any CPU.Build.0 = Release|Any CPU
		{364750B3-F718-4745-9DA1-3795EC2EE08B}.Debug|Any CPU.ActiveCfg = Debug|Any CPU
		{364750B3-F718-4745-9DA1-3795EC2EE08B}.Debug|Any CPU.Build.0 = Debug|Any CPU
		{364750B3-F718-4745-9DA1-3795EC2EE08B}.Release|Any CPU.ActiveCfg = Release|Any CPU
		{364750B3-F718-4745-9DA1-3795EC2EE08B}.Release|Any CPU.Build.0 = Release|Any CPU
		{686D6370-661E-46F1-B6B1-B678ACD3A981}.Debug|Any CPU.ActiveCfg = Debug|Any CPU
		{686D6370-661E-46F1-B6B1-B678ACD3A981}.Debug|Any CPU.Build.0 = Debug|Any CPU
		{686D6370-661E-46F1-B6B1-B678ACD3A981}.Release|Any CPU.ActiveCfg = Release|Any CPU
		{686D6370-661E-46F1-B6B1-B678ACD3A981}.Release|Any CPU.Build.0 = Release|Any CPU
		{80264FFF-AB89-41EB-8C65-122C5AEE4162}.Debug|Any CPU.ActiveCfg = Debug|Any CPU
		{80264FFF-AB89-41EB-8C65-122C5AEE4162}.Debug|Any CPU.Build.0 = Debug|Any CPU
		{80264FFF-AB89-41EB-8C65-122C5AEE4162}.Release|Any CPU.ActiveCfg = Release|Any CPU
		{80264FFF-AB89-41EB-8C65-122C5AEE4162}.Release|Any CPU.Build.0 = Release|Any CPU
		{F5DCC1B8-3FB7-46D7-B17A-1AF7A9176799}.Debug|Any CPU.ActiveCfg = Debug|Any CPU
		{F5DCC1B8-3FB7-46D7-B17A-1AF7A9176799}.Debug|Any CPU.Build.0 = Debug|Any CPU
		{F5DCC1B8-3FB7-46D7-B17A-1AF7A9176799}.Release|Any CPU.ActiveCfg = Release|Any CPU
		{F5DCC1B8-3FB7-46D7-B17A-1AF7A9176799}.Release|Any CPU.Build.0 = Release|Any CPU
		{EEEB30E2-8829-450F-8CEA-4B24134F08BB}.Debug|Any CPU.ActiveCfg = Debug|Any CPU
		{EEEB30E2-8829-450F-8CEA-4B24134F08BB}.Debug|Any CPU.Build.0 = Debug|Any CPU
		{EEEB30E2-8829-450F-8CEA-4B24134F08BB}.Release|Any CPU.ActiveCfg = Release|Any CPU
		{EEEB30E2-8829-450F-8CEA-4B24134F08BB}.Release|Any CPU.Build.0 = Release|Any CPU
		{24820277-9116-4A44-AF04-73CE9D527752}.Debug|Any CPU.ActiveCfg = Debug|Any CPU
		{24820277-9116-4A44-AF04-73CE9D527752}.Debug|Any CPU.Build.0 = Debug|Any CPU
		{24820277-9116-4A44-AF04-73CE9D527752}.Release|Any CPU.ActiveCfg = Release|Any CPU
		{24820277-9116-4A44-AF04-73CE9D527752}.Release|Any CPU.Build.0 = Release|Any CPU
		{E83938BC-6DCB-4804-B7E2-641AA8725F12}.Debug|Any CPU.ActiveCfg = Debug|Any CPU
		{E83938BC-6DCB-4804-B7E2-641AA8725F12}.Debug|Any CPU.Build.0 = Debug|Any CPU
		{E83938BC-6DCB-4804-B7E2-641AA8725F12}.Release|Any CPU.ActiveCfg = Release|Any CPU
		{E83938BC-6DCB-4804-B7E2-641AA8725F12}.Release|Any CPU.Build.0 = Release|Any CPU
		{AECAA875-40D2-47A5-B5DC-96F7FB491AEC}.Debug|Any CPU.ActiveCfg = Debug|Any CPU
		{AECAA875-40D2-47A5-B5DC-96F7FB491AEC}.Debug|Any CPU.Build.0 = Debug|Any CPU
		{AECAA875-40D2-47A5-B5DC-96F7FB491AEC}.Release|Any CPU.ActiveCfg = Release|Any CPU
		{AECAA875-40D2-47A5-B5DC-96F7FB491AEC}.Release|Any CPU.Build.0 = Release|Any CPU
		{FB85CAFA-50EC-4050-BB9F-9F46535DADC6}.Debug|Any CPU.ActiveCfg = Debug|Any CPU
		{FB85CAFA-50EC-4050-BB9F-9F46535DADC6}.Debug|Any CPU.Build.0 = Debug|Any CPU
		{FB85CAFA-50EC-4050-BB9F-9F46535DADC6}.Release|Any CPU.ActiveCfg = Release|Any CPU
		{FB85CAFA-50EC-4050-BB9F-9F46535DADC6}.Release|Any CPU.Build.0 = Release|Any CPU
	EndGlobalSection
	GlobalSection(SolutionProperties) = preSolution
		HideSolutionNode = FALSE
	EndGlobalSection
	GlobalSection(NestedProjects) = preSolution
		{ED6227C0-4C61-4F0D-9836-24FEDEB40D53} = {7F843571-B7DE-4A81-8B5B-E8A3EEADA7BE}
		{364750B3-F718-4745-9DA1-3795EC2EE08B} = {71E3C5E4-D44A-45ED-9605-F272DD1F7338}
		{686D6370-661E-46F1-B6B1-B678ACD3A981} = {1C69BBDB-E9E6-44B1-8252-762152C0F304}
		{80264FFF-AB89-41EB-8C65-122C5AEE4162} = {05110EF4-2603-4951-8003-93E0A8CFB56C}
		{F5DCC1B8-3FB7-46D7-B17A-1AF7A9176799} = {05110EF4-2603-4951-8003-93E0A8CFB56C}
		{EEEB30E2-8829-450F-8CEA-4B24134F08BB} = {7F843571-B7DE-4A81-8B5B-E8A3EEADA7BE}
		{24820277-9116-4A44-AF04-73CE9D527752} = {7F843571-B7DE-4A81-8B5B-E8A3EEADA7BE}
		{E83938BC-6DCB-4804-B7E2-641AA8725F12} = {05110EF4-2603-4951-8003-93E0A8CFB56C}
	EndGlobalSection
	GlobalSection(ExtensibilityGlobals) = postSolution
		SolutionGuid = {4D73A3C1-6C6F-4023-8F51-728C81996EB1}
	EndGlobalSection
EndGlobal
